
Microsoft Visual Studio Solution File, Format Version 12.00
# Visual Studio Version 16
VisualStudioVersion = 16.0.29503.13
MinimumVisualStudioVersion = 10.0.40219.1
Project("{FAE04EC0-301F-11D3-BF4B-00C04F79EFBC}") = "SkytomoJbovlaste", "SkytomoJbovlaste\SkytomoJbovlaste.csproj", "{52724EF2-A08C-4954-A84A-C4D55E6F0936}"
EndProject
Global
	GlobalSection(SolutionConfigurationPlatforms) = preSolution
		Debug|Any CPU = Debug|Any CPU
		Release|Any CPU = Release|Any CPU
	EndGlobalSection
	GlobalSection(ProjectConfigurationPlatforms) = postSolution
		{52724EF2-A08C-4954-A84A-C4D55E6F0936}.Debug|Any CPU.ActiveCfg = Debug|Any CPU
		{52724EF2-A08C-4954-A84A-C4D55E6F0936}.Debug|Any CPU.Build.0 = Debug|Any CPU
		{52724EF2-A08C-4954-A84A-C4D55E6F0936}.Release|Any CPU.ActiveCfg = Release|Any CPU
		{52724EF2-A08C-4954-A84A-C4D55E6F0936}.Release|Any CPU.Build.0 = Release|Any CPU
	EndGlobalSection
	GlobalSection(SolutionProperties) = preSolution
		HideSolutionNode = FALSE
	EndGlobalSection
	GlobalSection(ExtensibilityGlobals) = postSolution
		SolutionGuid = {B652A3CC-CF65-4ECD-B2DB-6A17BD8114B6}
	EndGlobalSection
EndGlobal
